
Microsoft Visual Studio Solution File, Format Version 12.00
# Visual Studio Version 16
VisualStudioVersion = 16.0.31129.286
MinimumVisualStudioVersion = 10.0.40219.1
Project("{9A19103F-16F7-4668-BE54-9A1E7A4F7556}") = "WinDevTaskA", "WinDevTaskA\WinDevTaskA.csproj", "{140B3AD0-CD6F-4CCF-BEEF-760479B65115}"
EndProject
Project("{FAE04EC0-301F-11D3-BF4B-00C04F79EFBC}") = "UnitTest", "UnitTest\UnitTest.csproj", "{E083EB72-D8D1-4BBE-8372-7AC0E269482D}"
EndProject
Global
	GlobalSection(SolutionConfigurationPlatforms) = preSolution
		Debug|Any CPU = Debug|Any CPU
		Release|Any CPU = Release|Any CPU
	EndGlobalSection
	GlobalSection(ProjectConfigurationPlatforms) = postSolution
		{140B3AD0-CD6F-4CCF-BEEF-760479B65115}.Debug|Any CPU.ActiveCfg = Debug|Any CPU
		{140B3AD0-CD6F-4CCF-BEEF-760479B65115}.Debug|Any CPU.Build.0 = Debug|Any CPU
		{140B3AD0-CD6F-4CCF-BEEF-760479B65115}.Release|Any CPU.ActiveCfg = Release|Any CPU
		{140B3AD0-CD6F-4CCF-BEEF-760479B65115}.Release|Any CPU.Build.0 = Release|Any CPU
		{E083EB72-D8D1-4BBE-8372-7AC0E269482D}.Debug|Any CPU.ActiveCfg = Debug|Any CPU
		{E083EB72-D8D1-4BBE-8372-7AC0E269482D}.Debug|Any CPU.Build.0 = Debug|Any CPU
		{E083EB72-D8D1-4BBE-8372-7AC0E269482D}.Release|Any CPU.ActiveCfg = Release|Any CPU
		{E083EB72-D8D1-4BBE-8372-7AC0E269482D}.Release|Any CPU.Build.0 = Release|Any CPU
	EndGlobalSection
	GlobalSection(SolutionProperties) = preSolution
		HideSolutionNode = FALSE
	EndGlobalSection
	GlobalSection(ExtensibilityGlobals) = postSolution
		SolutionGuid = {A351BA67-EE90-4719-8C76-2370D47B9345}
	EndGlobalSection
EndGlobal
